
Microsoft Visual Studio Solution File, Format Version 12.00
# Visual Studio Version 17
VisualStudioVersion = 17.0.32014.148
MinimumVisualStudioVersion = 10.0.40219.1
Project("{FAE04EC0-301F-11D3-BF4B-00C04F79EFBC}") = "Barbershop", "Barbershop\Barbershop.csproj", "{EA590F4C-B921-47E2-9599-FBE9E9D9A47A}"
EndProject
Global
	GlobalSection(SolutionConfigurationPlatforms) = preSolution
		Debug|Any CPU = Debug|Any CPU
		Release|Any CPU = Release|Any CPU
	EndGlobalSection
	GlobalSection(ProjectConfigurationPlatforms) = postSolution
		{EA590F4C-B921-47E2-9599-FBE9E9D9A47A}.Debug|Any CPU.ActiveCfg = Debug|Any CPU
		{EA590F4C-B921-47E2-9599-FBE9E9D9A47A}.Debug|Any CPU.Build.0 = Debug|Any CPU
		{EA590F4C-B921-47E2-9599-FBE9E9D9A47A}.Release|Any CPU.ActiveCfg = Release|Any CPU
		{EA590F4C-B921-47E2-9599-FBE9E9D9A47A}.Release|Any CPU.Build.0 = Release|Any CPU
	EndGlobalSection
	GlobalSection(SolutionProperties) = preSolution
		HideSolutionNode = FALSE
	EndGlobalSection
	GlobalSection(ExtensibilityGlobals) = postSolution
		SolutionGuid = {F72D69B2-893A-4A0B-AC0C-798D9A84CA53}
	EndGlobalSection
EndGlobal
